// !$*UTF8*$!
{
	archiveVersion = 1;
	classes = {
	};
	objectVersion = 46;
	objects = {

/* Begin PBXBuildFile section */
		4D5A39FA1B14A0A80006A7B3 /* AppDelegate.swift in Sources */ = {isa = PBXBuildFile; fileRef = 4D5A39F91B14A0A80006A7B3 /* AppDelegate.swift */; };
		4D5A39FC1B14A0A80006A7B3 /* Images.xcassets in Resources */ = {isa = PBXBuildFile; fileRef = 4D5A39FB1B14A0A80006A7B3 /* Images.xcassets */; };
		4D5A39FF1B14A0A90006A7B3 /* MainMenu.xib in Resources */ = {isa = PBXBuildFile; fileRef = 4D5A39FD1B14A0A90006A7B3 /* MainMenu.xib */; };
		4D5A3A0B1B14A0A90006A7B3 /* KjueTests.swift in Sources */ = {isa = PBXBuildFile; fileRef = 4D5A3A0A1B14A0A90006A7B3 /* KjueTests.swift */; };
		4D5A3A151B14A0C10006A7B3 /* Kjue.swift in Sources */ = {isa = PBXBuildFile; fileRef = 4D5A3A141B14A0C10006A7B3 /* Kjue.swift */; };
		4D5A3A171B14A0D70006A7B3 /* oldcode in Resources */ = {isa = PBXBuildFile; fileRef = 4D5A3A161B14A0D70006A7B3 /* oldcode */; };
/* End PBXBuildFile section */

/* Begin PBXContainerItemProxy section */
		4D5A3A051B14A0A90006A7B3 /* PBXContainerItemProxy */ = {
			isa = PBXContainerItemProxy;
			containerPortal = 4D5A39EC1B14A0A80006A7B3 /* Project object */;
			proxyType = 1;
			remoteGlobalIDString = 4D5A39F31B14A0A80006A7B3;
			remoteInfo = Kjue;
		};
/* End PBXContainerItemProxy section */

/* Begin PBXFileReference section */
		4D5A39F41B14A0A80006A7B3 /* Kjue.app */ = {isa = PBXFileReference; explicitFileType = wrapper.application; includeInIndex = 0; path = Kjue.app; sourceTree = BUILT_PRODUCTS_DIR; };
		4D5A39F81B14A0A80006A7B3 /* Info.plist */ = {isa = PBXFileReference; lastKnownFileType = text.plist.xml; path = Info.plist; sourceTree = "<group>"; };
		4D5A39F91B14A0A80006A7B3 /* AppDelegate.swift */ = {isa = PBXFileReference; lastKnownFileType = sourcecode.swift; path = AppDelegate.swift; sourceTree = "<group>"; };
		4D5A39FB1B14A0A80006A7B3 /* Images.xcassets */ = {isa = PBXFileReference; lastKnownFileType = folder.assetcatalog; path = Images.xcassets; sourceTree = "<group>"; };
		4D5A39FE1B14A0A90006A7B3 /* Base */ = {isa = PBXFileReference; lastKnownFileType = file.xib; name = Base; path = Base.lproj/MainMenu.xib; sourceTree = "<group>"; };
		4D5A3A041B14A0A90006A7B3 /* KjueTests.xctest */ = {isa = PBXFileReference; explicitFileType = wrapper.cfbundle; includeInIndex = 0; path = KjueTests.xctest; sourceTree = BUILT_PRODUCTS_DIR; };
		4D5A3A091B14A0A90006A7B3 /* Info.plist */ = {isa = PBXFileReference; lastKnownFileType = text.plist.xml; path = Info.plist; sourceTree = "<group>"; };
		4D5A3A0A1B14A0A90006A7B3 /* KjueTests.swift */ = {isa = PBXFileReference; lastKnownFileType = sourcecode.swift; path = KjueTests.swift; sourceTree = "<group>"; };
		4D5A3A141B14A0C10006A7B3 /* Kjue.swift */ = {isa = PBXFileReference; fileEncoding = 4; lastKnownFileType = sourcecode.swift; path = Kjue.swift; sourceTree = "<group>"; };
		4D5A3A161B14A0D70006A7B3 /* oldcode */ = {isa = PBXFileReference; fileEncoding = 4; lastKnownFileType = text; path = oldcode; sourceTree = "<group>"; };
/* End PBXFileReference section */

/* Begin PBXFrameworksBuildPhase section */
		4D5A39F11B14A0A80006A7B3 /* Frameworks */ = {
			isa = PBXFrameworksBuildPhase;
			buildActionMask = 2147483647;
			files = (
			);
			runOnlyForDeploymentPostprocessing = 0;
		};
		4D5A3A011B14A0A90006A7B3 /* Frameworks */ = {
			isa = PBXFrameworksBuildPhase;
			buildActionMask = 2147483647;
			files = (
			);
			runOnlyForDeploymentPostprocessing = 0;
		};
/* End PBXFrameworksBuildPhase section */

/* Begin PBXGroup section */
		4D5A39EB1B14A0A80006A7B3 = {
			isa = PBXGroup;
			children = (
				4D5A39F61B14A0A80006A7B3 /* Kjue */,
				4D5A3A071B14A0A90006A7B3 /* KjueTests */,
				4D5A39F51B14A0A80006A7B3 /* Products */,
			);
			sourceTree = "<group>";
		};
		4D5A39F51B14A0A80006A7B3 /* Products */ = {
			isa = PBXGroup;
			children = (
				4D5A39F41B14A0A80006A7B3 /* Kjue.app */,
				4D5A3A041B14A0A90006A7B3 /* KjueTests.xctest */,
			);
			name = Products;
			sourceTree = "<group>";
		};
		4D5A39F61B14A0A80006A7B3 /* Kjue */ = {
			isa = PBXGroup;
			children = (
				4D5A3A161B14A0D70006A7B3 /* oldcode */,
				4D5A39F91B14A0A80006A7B3 /* AppDelegate.swift */,
				4D5A3A141B14A0C10006A7B3 /* Kjue.swift */,
				4D5A39FB1B14A0A80006A7B3 /* Images.xcassets */,
				4D5A39FD1B14A0A90006A7B3 /* MainMenu.xib */,
				4D5A39F71B14A0A80006A7B3 /* Supporting Files */,
			);
			path = Kjue;
			sourceTree = "<group>";
		};
		4D5A39F71B14A0A80006A7B3 /* Supporting Files */ = {
			isa = PBXGroup;
			children = (
				4D5A39F81B14A0A80006A7B3 /* Info.plist */,
			);
			name = "Supporting Files";
			sourceTree = "<group>";
		};
		4D5A3A071B14A0A90006A7B3 /* KjueTests */ = {
			isa = PBXGroup;
			children = (
				4D5A3A0A1B14A0A90006A7B3 /* KjueTests.swift */,
				4D5A3A081B14A0A90006A7B3 /* Supporting Files */,
			);
			path = KjueTests;
			sourceTree = "<group>";
		};
		4D5A3A081B14A0A90006A7B3 /* Supporting Files */ = {
			isa = PBXGroup;
			children = (
				4D5A3A091B14A0A90006A7B3 /* Info.plist */,
			);
			name = "Supporting Files";
			sourceTree = "<group>";
		};
/* End PBXGroup section */

/* Begin PBXNativeTarget section */
		4D5A39F31B14A0A80006A7B3 /* Kjue */ = {
			isa = PBXNativeTarget;
			buildConfigurationList = 4D5A3A0E1B14A0A90006A7B3 /* Build configuration list for PBXNativeTarget "Kjue" */;
			buildPhases = (
				4D5A39F01B14A0A80006A7B3 /* Sources */,
				4D5A39F11B14A0A80006A7B3 /* Frameworks */,
				4D5A39F21B14A0A80006A7B3 /* Resources */,
			);
			buildRules = (
			);
			dependencies = (
			);
			name = Kjue;
			productName = Kjue;
			productReference = 4D5A39F41B14A0A80006A7B3 /* Kjue.app */;
			productType = "com.apple.product-type.application";
		};
		4D5A3A031B14A0A90006A7B3 /* KjueTests */ = {
			isa = PBXNativeTarget;
			buildConfigurationList = 4D5A3A111B14A0A90006A7B3 /* Build configuration list for PBXNativeTarget "KjueTests" */;
			buildPhases = (
				4D5A3A001B14A0A90006A7B3 /* Sources */,
				4D5A3A011B14A0A90006A7B3 /* Frameworks */,
				4D5A3A021B14A0A90006A7B3 /* Resources */,
			);
			buildRules = (
			);
			dependencies = (
				4D5A3A061B14A0A90006A7B3 /* PBXTargetDependency */,
			);
			name = KjueTests;
			productName = KjueTests;
			productReference = 4D5A3A041B14A0A90006A7B3 /* KjueTests.xctest */;
			productType = "com.apple.product-type.bundle.unit-test";
		};
/* End PBXNativeTarget section */

/* Begin PBXProject section */
		4D5A39EC1B14A0A80006A7B3 /* Project object */ = {
			isa = PBXProject;
			attributes = {
				LastUpgradeCheck = 0630;
				ORGANIZATIONNAME = "Benedikt Terhechte";
				TargetAttributes = {
					4D5A39F31B14A0A80006A7B3 = {
						CreatedOnToolsVersion = 6.3.1;
					};
					4D5A3A031B14A0A90006A7B3 = {
						CreatedOnToolsVersion = 6.3.1;
						TestTargetID = 4D5A39F31B14A0A80006A7B3;
					};
				};
			};
			buildConfigurationList = 4D5A39EF1B14A0A80006A7B3 /* Build configuration list for PBXProject "Kjue" */;
			compatibilityVersion = "Xcode 3.2";
			developmentRegion = English;
			hasScannedForEncodings = 0;
			knownRegions = (
				en,
				Base,
			);
			mainGroup = 4D5A39EB1B14A0A80006A7B3;
			productRefGroup = 4D5A39F51B14A0A80006A7B3 /* Products */;
			projectDirPath = "";
			projectRoot = "";
			targets = (
				4D5A39F31B14A0A80006A7B3 /* Kjue */,
				4D5A3A031B14A0A90006A7B3 /* KjueTests */,
			);
		};
/* End PBXProject section */

/* Begin PBXResourcesBuildPhase section */
		4D5A39F21B14A0A80006A7B3 /* Resources */ = {
			isa = PBXResourcesBuildPhase;
			buildActionMask = 2147483647;
			files = (
				4D5A3A171B14A0D70006A7B3 /* oldcode in Resources */,
				4D5A39FC1B14A0A80006A7B3 /* Images.xcassets in Resources */,
				4D5A39FF1B14A0A90006A7B3 /* MainMenu.xib in Resources */,
			);
			runOnlyForDeploymentPostprocessing = 0;
		};
		4D5A3A021B14A0A90006A7B3 /* Resources */ = {
			isa = PBXResourcesBuildPhase;
			buildActionMask = 2147483647;
			files = (
			);
			runOnlyForDeploymentPostprocessing = 0;
		};
/* End PBXResourcesBuildPhase section */

/* Begin PBXSourcesBuildPhase section */
		4D5A39F01B14A0A80006A7B3 /* Sources */ = {
			isa = PBXSourcesBuildPhase;
			buildActionMask = 2147483647;
			files = (
				4D5A3A151B14A0C10006A7B3 /* Kjue.swift in Sources */,
				4D5A39FA1B14A0A80006A7B3 /* AppDelegate.swift in Sources */,
			);
			runOnlyForDeploymentPostprocessing = 0;
		};
		4D5A3A001B14A0A90006A7B3 /* Sources */ = {
			isa = PBXSourcesBuildPhase;
			buildActionMask = 2147483647;
			files = (
				4D5A3A0B1B14A0A90006A7B3 /* KjueTests.swift in Sources */,
			);
			runOnlyForDeploymentPostprocessing = 0;
		};
/* End PBXSourcesBuildPhase section */

/* Begin PBXTargetDependency section */
		4D5A3A061B14A0A90006A7B3 /* PBXTargetDependency */ = {
			isa = PBXTargetDependency;
			target = 4D5A39F31B14A0A80006A7B3 /* Kjue */;
			targetProxy = 4D5A3A051B14A0A90006A7B3 /* PBXContainerItemProxy */;
		};
/* End PBXTargetDependency section */

/* Begin PBXVariantGroup section */
		4D5A39FD1B14A0A90006A7B3 /* MainMenu.xib */ = {
			isa = PBXVariantGroup;
			children = (
				4D5A39FE1B14A0A90006A7B3 /* Base */,
			);
			name = MainMenu.xib;
			sourceTree = "<group>";
		};
/* End PBXVariantGroup section */

/* Begin XCBuildConfiguration section */
		4D5A3A0C1B14A0A90006A7B3 /* Debug */ = {
			isa = XCBuildConfiguration;
			buildSettings = {
				ALWAYS_SEARCH_USER_PATHS = NO;
				CLANG_CXX_LANGUAGE_STANDARD = "gnu++0x";
				CLANG_CXX_LIBRARY = "libc++";
				CLANG_ENABLE_MODULES = YES;
				CLANG_ENABLE_OBJC_ARC = YES;
				CLANG_WARN_BOOL_CONVERSION = YES;
				CLANG_WARN_CONSTANT_CONVERSION = YES;
				CLANG_WARN_DIRECT_OBJC_ISA_USAGE = YES_ERROR;
				CLANG_WARN_EMPTY_BODY = YES;
				CLANG_WARN_ENUM_CONVERSION = YES;
				CLANG_WARN_INT_CONVERSION = YES;
				CLANG_WARN_OBJC_ROOT_CLASS = YES_ERROR;
				CLANG_WARN_UNREACHABLE_CODE = YES;
				CLANG_WARN__DUPLICATE_METHOD_MATCH = YES;
				CODE_SIGN_IDENTITY = "-";
				COPY_PHASE_STRIP = NO;
				DEBUG_INFORMATION_FORMAT = dwarf;
				ENABLE_STRICT_OBJC_MSGSEND = YES;
				GCC_C_LANGUAGE_STANDARD = gnu99;
				GCC_DYNAMIC_NO_PIC = NO;
				GCC_NO_COMMON_BLOCKS = YES;
				GCC_OPTIMIZATION_LEVEL = 0;
				GCC_PREPROCESSOR_DEFINITIONS = (
					"DEBUG=1",
					"$(inherited)",
				);
				GCC_SYMBOLS_PRIVATE_EXTERN = NO;
				GCC_WARN_64_TO_32_BIT_CONVERSION = YES;
				GCC_WARN_ABOUT_RETURN_TYPE = YES_ERROR;
				GCC_WARN_UNDECLARED_SELECTOR = YES;
				GCC_WARN_UNINITIALIZED_AUTOS = YES_AGGRESSIVE;
				GCC_WARN_UNUSED_FUNCTION = YES;
				GCC_WARN_UNUSED_VARIABLE = YES;
				MACOSX_DEPLOYMENT_TARGET = 10.10;
				MTL_ENABLE_DEBUG_INFO = YES;
				ONLY_ACTIVE_ARCH = YES;
				SDKROOT = macosx;
				SWIFT_OPTIMIZATION_LEVEL = "-Onone";
			};
			name = Debug;
		};
		4D5A3A0D1B14A0A90006A7B3 /* Release */ = {
			isa = XCBuildConfiguration;
			buildSettings = {
				ALWAYS_SEARCH_USER_PATHS = NO;
				CLANG_CXX_LANGUAGE_STANDARD = "gnu++0x";
				CLANG_CXX_LIBRARY = "libc++";
				CLANG_ENABLE_MODULES = YES;
				CLANG_ENABLE_OBJC_ARC = YES;
				CLANG_WARN_BOOL_CONVERSION = YES;
				CLANG_WARN_CONSTANT_CONVERSION = YES;
				CLANG_WARN_DIRECT_OBJC_ISA_USAGE = YES_ERROR;
				CLANG_WARN_EMPTY_BODY = YES;
				CLANG_WARN_ENUM_CONVERSION = YES;
				CLANG_WARN_INT_CONVERSION = YES;
				CLANG_WARN_OBJC_ROOT_CLASS = YES_ERROR;
				CLANG_WARN_UNREACHABLE_CODE = YES;
				CLANG_WARN__DUPLICATE_METHOD_MATCH = YES;
				CODE_SIGN_IDENTITY = "-";
				COPY_PHASE_STRIP = NO;
				DEBUG_INFORMATION_FORMAT = "dwarf-with-dsym";
				ENABLE_NS_ASSERTIONS = NO;
				ENABLE_STRICT_OBJC_MSGSEND = YES;
				GCC_C_LANGUAGE_STANDARD = gnu99;
				GCC_NO_COMMON_BLOCKS = YES;
				GCC_WARN_64_TO_32_BIT_CONVERSION = YES;
				GCC_WARN_ABOUT_RETURN_TYPE = YES_ERROR;
				GCC_WARN_UNDECLARED_SELECTOR = YES;
				GCC_WARN_UNINITIALIZED_AUTOS = YES_AGGRESSIVE;
				GCC_WARN_UNUSED_FUNCTION = YES;
				GCC_WARN_UNUSED_VARIABLE = YES;
				MACOSX_DEPLOYMENT_TARGET = 10.10;
				MTL_ENABLE_DEBUG_INFO = NO;
				SDKROOT = macosx;
			};
			name = Release;
		};
		4D5A3A0F1B14A0A90006A7B3 /* Debug */ = {
			isa = XCBuildConfiguration;
			buildSettings = {
				ASSETCATALOG_COMPILER_APPICON_NAME = AppIcon;
				COMBINE_HIDPI_IMAGES = YES;
				INFOPLIST_FILE = Kjue/Info.plist;
				LD_RUNPATH_SEARCH_PATHS = "$(inherited) @executable_path/../Frameworks";
				PRODUCT_NAME = "$(TARGET_NAME)";
			};
			name = Debug;
		};
		4D5A3A101B14A0A90006A7B3 /* Release */ = {
			isa = XCBuildConfiguration;
			buildSettings = {
				ASSETCATALOG_COMPILER_APPICON_NAME = AppIcon;
				COMBINE_HIDPI_IMAGES = YES;
				INFOPLIST_FILE = Kjue/Info.plist;
				LD_RUNPATH_SEARCH_PATHS = "$(inherited) @executable_path/../Frameworks";
				PRODUCT_NAME = "$(TARGET_NAME)";
			};
			name = Release;
		};
		4D5A3A121B14A0A90006A7B3 /* Debug */ = {
			isa = XCBuildConfiguration;
			buildSettings = {
				BUNDLE_LOADER = "$(TEST_HOST)";
				COMBINE_HIDPI_IMAGES = YES;
				FRAMEWORK_SEARCH_PATHS = (
					"$(DEVELOPER_FRAMEWORKS_DIR)",
					"$(inherited)",
				);
				GCC_PREPROCESSOR_DEFINITIONS = (
					"DEBUG=1",
					"$(inherited)",
				);
				INFOPLIST_FILE = KjueTests/Info.plist;
				LD_RUNPATH_SEARCH_PATHS = "$(inherited) @executable_path/../Frameworks @loader_path/../Frameworks";
				PRODUCT_NAME = "$(TARGET_NAME)";
				TEST_HOST = "$(BUILT_PRODUCTS_DIR)/Kjue.app/Contents/MacOS/Kjue";
			};
			name = Debug;
		};
		4D5A3A131B14A0A90006A7B3 /* Release */ = {
			isa = XCBuildConfiguration;
			buildSettings = {
				BUNDLE_LOADER = "$(TEST_HOST)";
				COMBINE_HIDPI_IMAGES = YES;
				FRAMEWORK_SEARCH_PATHS = (
					"$(DEVELOPER_FRAMEWORKS_DIR)",
					"$(inherited)",
				);
				INFOPLIST_FILE = KjueTests/Info.plist;
				LD_RUNPATH_SEARCH_PATHS = "$(inherited) @executable_path/../Frameworks @loader_path/../Frameworks";
				PRODUCT_NAME = "$(TARGET_NAME)";
				TEST_HOST = "$(BUILT_PRODUCTS_DIR)/Kjue.app/Contents/MacOS/Kjue";
			};
			name = Release;
		};
/* End XCBuildConfiguration section */

/* Begin XCConfigurationList section */
		4D5A39EF1B14A0A80006A7B3 /* Build configuration list for PBXProject "Kjue" */ = {
			isa = XCConfigurationList;
			buildConfigurations = (
				4D5A3A0C1B14A0A90006A7B3 /* Debug */,
				4D5A3A0D1B14A0A90006A7B3 /* Release */,
			);
			defaultConfigurationIsVisible = 0;
			defaultConfigurationName = Release;
		};
		4D5A3A0E1B14A0A90006A7B3 /* Build configuration list for PBXNativeTarget "Kjue" */ = {
			isa = XCConfigurationList;
			buildConfigurations = (
				4D5A3A0F1B14A0A90006A7B3 /* Debug */,
				4D5A3A101B14A0A90006A7B3 /* Release */,
			);
			defaultConfigurationIsVisible = 0;
		};
		4D5A3A111B14A0A90006A7B3 /* Build configuration list for PBXNativeTarget "KjueTests" */ = {
			isa = XCConfigurationList;
			buildConfigurations = (
				4D5A3A121B14A0A90006A7B3 /* Debug */,
				4D5A3A131B14A0A90006A7B3 /* Release */,
			);
			defaultConfigurationIsVisible = 0;
		};
/* End XCConfigurationList section */
	};
	rootObject = 4D5A39EC1B14A0A80006A7B3 /* Project object */;
}
